
Microsoft Visual Studio Solution File, Format Version 12.00
# Visual Studio 14
VisualStudioVersion = 14.0.25123.0
MinimumVisualStudioVersion = 10.0.40219.1
Project("{FAE04EC0-301F-11D3-BF4B-00C04F79EFBC}") = "TicTacToeServer.Core", "TicTacToeServer.Core\TicTacToeServer.Core.csproj", "{E032B09A-26AA-4F54-B3E2-DC80160989B3}"
EndProject
Project("{FAE04EC0-301F-11D3-BF4B-00C04F79EFBC}") = "TicTacToeServer.Test", "TicTacToeServer.Test\TicTacToeServer.Test.csproj", "{57708D40-1689-4D26-ABCD-BE90A6CE4A15}"
EndProject
Global
	GlobalSection(SolutionConfigurationPlatforms) = preSolution
		Debug|Any CPU = Debug|Any CPU
		Release|Any CPU = Release|Any CPU
	EndGlobalSection
	GlobalSection(ProjectConfigurationPlatforms) = postSolution
		{E032B09A-26AA-4F54-B3E2-DC80160989B3}.Debug|Any CPU.ActiveCfg = Debug|Any CPU
		{E032B09A-26AA-4F54-B3E2-DC80160989B3}.Debug|Any CPU.Build.0 = Debug|Any CPU
		{E032B09A-26AA-4F54-B3E2-DC80160989B3}.Release|Any CPU.ActiveCfg = Release|Any CPU
		{E032B09A-26AA-4F54-B3E2-DC80160989B3}.Release|Any CPU.Build.0 = Release|Any CPU
		{57708D40-1689-4D26-ABCD-BE90A6CE4A15}.Debug|Any CPU.ActiveCfg = Debug|Any CPU
		{57708D40-1689-4D26-ABCD-BE90A6CE4A15}.Debug|Any CPU.Build.0 = Debug|Any CPU
		{57708D40-1689-4D26-ABCD-BE90A6CE4A15}.Release|Any CPU.ActiveCfg = Release|Any CPU
		{57708D40-1689-4D26-ABCD-BE90A6CE4A15}.Release|Any CPU.Build.0 = Release|Any CPU
	EndGlobalSection
	GlobalSection(SolutionProperties) = preSolution
		HideSolutionNode = FALSE
	EndGlobalSection
EndGlobal
